// !$*UTF8*$!
{
	archiveVersion = 1;
	classes = {
	};
	objectVersion = 46;
	objects = {
/* Begin PBXBuildFile section */
		0207DA581B56EA530066E2B4 /* Images.xcassets in Resources */ = {isa = PBXBuildFile; fileRef = 0207DA571B56EA530066E2B4 /* Images.xcassets */; };
		1D3623260D0F684500981E51 /* AppDelegate.m in Sources */ = {isa = PBXBuildFile; fileRef = 1D3623250D0F684500981E51 /* AppDelegate.m */; };
		1D60589B0D05DD56006BFB54 /* main.m in Sources */ = {isa = PBXBuildFile; fileRef = 29B97316FDCFA39411CA2CEA /* main.m */; };
		301BF552109A68D80062928A /* libCordova.a in Frameworks */ = {isa = PBXBuildFile; fileRef = 301BF535109A57CC0062928A /* libCordova.a */; };
		302D95F114D2391D003F00A1 /* MainViewController.m in Sources */ = {isa = PBXBuildFile; fileRef = 302D95EF14D2391D003F00A1 /* MainViewController.m */; };
		302D95F214D2391D003F00A1 /* MainViewController.xib in Resources */ = {isa = PBXBuildFile; fileRef = 302D95F014D2391D003F00A1 /* MainViewController.xib */; };
		3047A5121AB8059700498E2A /* build-debug.xcconfig in Resources */ = {isa = PBXBuildFile; fileRef = 3047A50F1AB8059700498E2A /* build-debug.xcconfig */; };
		3047A5131AB8059700498E2A /* build-release.xcconfig in Resources */ = {isa = PBXBuildFile; fileRef = 3047A5101AB8059700498E2A /* build-release.xcconfig */; };
		3047A5141AB8059700498E2A /* build.xcconfig in Resources */ = {isa = PBXBuildFile; fileRef = 3047A5111AB8059700498E2A /* build.xcconfig */; };
		EEAAB3EE772041E0A5AAB21B /* CDVBattery.m in Sources */ = {isa = PBXBuildFile; fileRef = DEE390ECEE6D4A8B9106150A /* CDVBattery.m */; };
		23837C8F6AE341CD9A39536D /* UIImage+CropScaleOrientation.m in Sources */ = {isa = PBXBuildFile; fileRef = F3F44916660E4884B18446BA /* UIImage+CropScaleOrientation.m */; };
		48E7E464BAD94AD4B092D9DE /* CDVCamera.m in Sources */ = {isa = PBXBuildFile; fileRef = DCC74EAB98374AFAA348780E /* CDVCamera.m */; };
		C522E5147E0847C9996FE1B6 /* CDVJpegHeaderWriter.m in Sources */ = {isa = PBXBuildFile; fileRef = D4FA6EFAA11545FCB3EC0CB6 /* CDVJpegHeaderWriter.m */; };
		6C3E2FDB576A4277B3B6E9E2 /* ImageIO.framework in Frameworks */ = {isa = PBXBuildFile; fileRef = 50A6CCEF4DD445508D8EDDED /* ImageIO.framework */; settings = {ATTRIBUTES = (Weak, ); }; };
		5C80625899134FF9BD2C943B /* CoreLocation.framework in Frameworks */ = {isa = PBXBuildFile; fileRef = 1FF9C1698FA541509E1D35A6 /* CoreLocation.framework */; };
		81EDABE45BD04F098D89F752 /* AVFoundation.framework in Frameworks */ = {isa = PBXBuildFile; fileRef = 468832B8CC754F6B94045DCA /* AVFoundation.framework */; };
		E9CCFB76BC8C4A1786DA9EC3 /* CDVLogger.m in Sources */ = {isa = PBXBuildFile; fileRef = E917019965A54A56B948F432 /* CDVLogger.m */; };
		951391B490F74D6AB995BF92 /* CDVContacts.m in Sources */ = {isa = PBXBuildFile; fileRef = 0A56C9C7691743978FFDA0C8 /* CDVContacts.m */; };
		488E15955D5B418C86C1547F /* CDVContact.m in Sources */ = {isa = PBXBuildFile; fileRef = 81F3230D668D40AA8EC13C43 /* CDVContact.m */; };
		6B46E7B55E6A4D4B94329AD3 /* AddressBook.framework in Frameworks */ = {isa = PBXBuildFile; fileRef = B173E2D9293B4C41AC8083EA /* AddressBook.framework */; settings = {ATTRIBUTES = (Weak, ); }; };
		5B98AFDA17594A6D85B0C747 /* AddressBookUI.framework in Frameworks */ = {isa = PBXBuildFile; fileRef = 4FE15ECE81BB4DC09398A9D0 /* AddressBookUI.framework */; settings = {ATTRIBUTES = (Weak, ); }; };
		8527110078F2429791C19E13 /* CDVDevice.m in Sources */ = {isa = PBXBuildFile; fileRef = E86B8DF914DD48679619B3C1 /* CDVDevice.m */; };
		C086A8FA8BAC43AAA2674C96 /* CDVAccelerometer.m in Sources */ = {isa = PBXBuildFile; fileRef = 09A24506968C42F798E91F53 /* CDVAccelerometer.m */; };
		A9EABDEFC42E4C5EAA32FB4F /* CoreMotion.framework in Frameworks */ = {isa = PBXBuildFile; fileRef = 0DCD81C74BC54D4396B630CC /* CoreMotion.framework */; };
		D254C97D37D346BC8BFBFFA6 /* CDVCompass.m in Sources */ = {isa = PBXBuildFile; fileRef = E6E718F2E0CA4AA092E5C6E4 /* CDVCompass.m */; };
		546A6DF146F14E1CAAD9B446 /* CDVNotification.m in Sources */ = {isa = PBXBuildFile; fileRef = D8BF60A676284467ACF00345 /* CDVNotification.m */; };
		E0400F1C67524AD59039BD3E /* CDVNotification.bundle in Resources */ = {isa = PBXBuildFile; fileRef = 25C8D9549E2F4A89808F9EA4 /* CDVNotification.bundle */; };
		902F530CC98D4B8387180744 /* AudioToolbox.framework in Frameworks */ = {isa = PBXBuildFile; fileRef = 336CDB8DC38942DC8C4562BC /* AudioToolbox.framework */; settings = {ATTRIBUTES = (Weak, ); }; };
		FD709BAF5ACA408293E3F91C /* CDVFile.m in Sources */ = {isa = PBXBuildFile; fileRef = 50163A0EEEAF446BA88B42EA /* CDVFile.m */; };
		377859883E1348E9BEA8122B /* CDVLocalFilesystem.m in Sources */ = {isa = PBXBuildFile; fileRef = 03BC272B1D6541278793D15B /* CDVLocalFilesystem.m */; };
		EFFA1BF4EFB34D8B9C6A87A0 /* CDVAssetLibraryFilesystem.m in Sources */ = {isa = PBXBuildFile; fileRef = A7560C6078F54FDB95E8B660 /* CDVAssetLibraryFilesystem.m */; };
		CA26B83425BF43B2B014CC1C /* CDVFileTransfer.m in Sources */ = {isa = PBXBuildFile; fileRef = BDD251C4E51C4E4B903FAA77 /* CDVFileTransfer.m */; };
		8667D7CB548043DCA5485AB8 /* CDVLocation.m in Sources */ = {isa = PBXBuildFile; fileRef = 9DD20397BC9647C4ABB10A2B /* CDVLocation.m */; };
		45EA38D4D38A48BF89DE2426 /* CDVGlobalization.m in Sources */ = {isa = PBXBuildFile; fileRef = 9F4C925B284941639FF241C6 /* CDVGlobalization.m */; };
		B00D77C73FA246AEA649F146 /* CDVInAppBrowser.m in Sources */ = {isa = PBXBuildFile; fileRef = AF4726395BEF4B8D8EF9F653 /* CDVInAppBrowser.m */; };
		84114478BB6048FB9F91C457 /* CDVSound.m in Sources */ = {isa = PBXBuildFile; fileRef = F6653501568E44A59EB7860D /* CDVSound.m */; };
		336E93508C6C4B6B913DE2C9 /* CDVCapture.m in Sources */ = {isa = PBXBuildFile; fileRef = D5D0A326DAB7421CA46DC45D /* CDVCapture.m */; };
		8633527EC4954A9A9A694495 /* CDVCapture.bundle in Resources */ = {isa = PBXBuildFile; fileRef = C09CF0D902FA4251943B3A04 /* CDVCapture.bundle */; };
		C0C53F3611094939A276F6F9 /* CDVConnection.m in Sources */ = {isa = PBXBuildFile; fileRef = 47983D7D6CE94F048B7870B3 /* CDVConnection.m */; };
		9079DA3383064A11B651980A /* CDVReachability.m in Sources */ = {isa = PBXBuildFile; fileRef = C51EAC3B866D4D63A64833BF /* CDVReachability.m */; };
		7375C8E0E2EC478B9866CD07 /* SystemConfiguration.framework in Frameworks */ = {isa = PBXBuildFile; fileRef = 0666A484E936485AB61880F9 /* SystemConfiguration.framework */; settings = {ATTRIBUTES = (Weak, ); }; };
		B2531FCF863848EC96207CE8 /* CoreTelephony.framework in Frameworks */ = {isa = PBXBuildFile; fileRef = E568F628BD9E49C984F9CB24 /* CoreTelephony.framework */; };
		D57F5E63DB4341E9A2D7AD67 /* CDVSplashScreen.m in Sources */ = {isa = PBXBuildFile; fileRef = C83F3E93705C4F16A95B0E63 /* CDVSplashScreen.m */; };
		03B48843335849C4B18FE445 /* CDVViewController+SplashScreen.m in Sources */ = {isa = PBXBuildFile; fileRef = 6FE3B3FFABD94585B3F228E2 /* CDVViewController+SplashScreen.m */; };
		696D26FA7B374E8392C41B86 /* CDVStatusBar.m in Sources */ = {isa = PBXBuildFile; fileRef = D2C1771FD7EA47B0854509AF /* CDVStatusBar.m */; };
		4366341E2BC44F13AFA33749 /* CDVVibration.m in Sources */ = {isa = PBXBuildFile; fileRef = 00136D5C386E40A3B9952643 /* CDVVibration.m */; };
/* End PBXBuildFile section */

/* Begin PBXContainerItemProxy section */
		301BF534109A57CC0062928A /* PBXContainerItemProxy */ = {
			isa = PBXContainerItemProxy;
			containerPortal = 301BF52D109A57CC0062928A /* CordovaLib.xcodeproj */;
			proxyType = 2;
			remoteGlobalIDString = D2AAC07E0554694100DB518D;
			remoteInfo = CordovaLib;
		};
		301BF550109A68C00062928A /* PBXContainerItemProxy */ = {
			isa = PBXContainerItemProxy;
			containerPortal = 301BF52D109A57CC0062928A /* CordovaLib.xcodeproj */;
			proxyType = 1;
			remoteGlobalIDString = D2AAC07D0554694100DB518D;
			remoteInfo = CordovaLib;
		};
/* End PBXContainerItemProxy section */

/* Begin PBXFileReference section */
		0207DA571B56EA530066E2B4 /* Images.xcassets */ = {isa = PBXFileReference; lastKnownFileType = folder.assetcatalog; name = Images.xcassets; path = "Phone Book/Images.xcassets"; sourceTree = SOURCE_ROOT; };
		1D3623240D0F684500981E51 /* AppDelegate.h */ = {isa = PBXFileReference; fileEncoding = 4; lastKnownFileType = sourcecode.c.h; path = AppDelegate.h; sourceTree = "<group>"; };
		1D3623250D0F684500981E51 /* AppDelegate.m */ = {isa = PBXFileReference; fileEncoding = 4; lastKnownFileType = sourcecode.c.objc; path = AppDelegate.m; sourceTree = "<group>"; };
		1D6058910D05DD3D006BFB54 /* Phone Book.app */ = {isa = PBXFileReference; explicitFileType = wrapper.application; includeInIndex = 0; path = "Phone Book.app"; sourceTree = BUILT_PRODUCTS_DIR; };
		29B97316FDCFA39411CA2CEA /* main.m */ = {isa = PBXFileReference; fileEncoding = 4; lastKnownFileType = sourcecode.c.objc; path = main.m; sourceTree = "<group>"; };
		301BF52D109A57CC0062928A /* CordovaLib.xcodeproj */ = {isa = PBXFileReference; lastKnownFileType = "wrapper.pb-project"; name = CordovaLib.xcodeproj; path = CordovaLib/CordovaLib.xcodeproj; sourceTree = "<group>"; };
		301BF56E109A69640062928A /* www */ = {isa = PBXFileReference; lastKnownFileType = folder; path = www; sourceTree = SOURCE_ROOT; };
		302D95EE14D2391D003F00A1 /* MainViewController.h */ = {isa = PBXFileReference; fileEncoding = 4; lastKnownFileType = sourcecode.c.h; path = MainViewController.h; sourceTree = "<group>"; };
		302D95EF14D2391D003F00A1 /* MainViewController.m */ = {isa = PBXFileReference; fileEncoding = 4; lastKnownFileType = sourcecode.c.objc; path = MainViewController.m; sourceTree = "<group>"; };
		302D95F014D2391D003F00A1 /* MainViewController.xib */ = {isa = PBXFileReference; fileEncoding = 4; lastKnownFileType = file.xib; path = MainViewController.xib; sourceTree = "<group>"; };
		3047A50F1AB8059700498E2A /* build-debug.xcconfig */ = {isa = PBXFileReference; fileEncoding = 4; lastKnownFileType = text.xcconfig; name = "build-debug.xcconfig"; path = cordova/build-debug.xcconfig; sourceTree = SOURCE_ROOT; };
		3047A5101AB8059700498E2A /* build-release.xcconfig */ = {isa = PBXFileReference; fileEncoding = 4; lastKnownFileType = text.xcconfig; name = "build-release.xcconfig"; path = cordova/build-release.xcconfig; sourceTree = SOURCE_ROOT; };
		3047A5111AB8059700498E2A /* build.xcconfig */ = {isa = PBXFileReference; fileEncoding = 4; lastKnownFileType = text.xcconfig; name = build.xcconfig; path = cordova/build.xcconfig; sourceTree = SOURCE_ROOT; };
		32CA4F630368D1EE00C91783 /* Phone Book-Prefix.pch */ = {isa = PBXFileReference; fileEncoding = 4; lastKnownFileType = sourcecode.c.h; path = "Phone Book-Prefix.pch"; sourceTree = "<group>"; };
		8D1107310486CEB800E47090 /* Phone Book-Info.plist */ = {isa = PBXFileReference; fileEncoding = 4; lastKnownFileType = text.plist.xml; name = "Phone Book-Info.plist"; path = "Phone Book/Phone Book-Info.plist"; plistStructureDefinitionIdentifier = "com.apple.xcode.plist.structure-definition.iphone.info-plist"; sourceTree = SOURCE_ROOT; };
		EB87FDF31871DA8E0020F90C /* www */ = {isa = PBXFileReference; lastKnownFileType = folder; name = www; path = ../../www; sourceTree = "<group>"; };
		EB87FDF41871DAF40020F90C /* config.xml */ = {isa = PBXFileReference; lastKnownFileType = text.xml; name = config.xml; path = ../../config.xml; sourceTree = "<group>"; };
		F840E1F0165FE0F500CFE078 /* config.xml */ = {isa = PBXFileReference; lastKnownFileType = text.xml; name = config.xml; path = "Phone Book/config.xml"; sourceTree = "<group>"; };
		ED33DF2A687741AEAF9F8254 /* Bridging-Header.h */ = {isa = PBXFileReference; fileEncoding = 4; lastKnownFileType = sourcecode.c.h; name = "Bridging-Header.h"; path = "Bridging-Header.h"; sourceTree = "<group>"; };
		DEE390ECEE6D4A8B9106150A /* CDVBattery.m */ = {isa = PBXFileReference; name = "CDVBattery.m"; path = "cordova-plugin-battery-status/CDVBattery.m"; sourceTree = "<group>"; fileEncoding = 4; lastKnownFileType = sourcecode.c.objc; explicitFileType = undefined; includeInIndex = 0; };
		43CEA9A31F1A4A879E065BA5 /* CDVBattery.h */ = {isa = PBXFileReference; name = "CDVBattery.h"; path = "cordova-plugin-battery-status/CDVBattery.h"; sourceTree = "<group>"; fileEncoding = 4; lastKnownFileType = sourcecode.c.h; explicitFileType = undefined; includeInIndex = 0; };
		F3F44916660E4884B18446BA /* UIImage+CropScaleOrientation.m */ = {isa = PBXFileReference; name = "UIImage+CropScaleOrientation.m"; path = "cordova-plugin-camera/UIImage+CropScaleOrientation.m"; sourceTree = "<group>"; fileEncoding = 4; lastKnownFileType = sourcecode.c.objc; explicitFileType = undefined; includeInIndex = 0; };
		DCC74EAB98374AFAA348780E /* CDVCamera.m */ = {isa = PBXFileReference; name = "CDVCamera.m"; path = "cordova-plugin-camera/CDVCamera.m"; sourceTree = "<group>"; fileEncoding = 4; lastKnownFileType = sourcecode.c.objc; explicitFileType = undefined; includeInIndex = 0; };
		D4FA6EFAA11545FCB3EC0CB6 /* CDVJpegHeaderWriter.m */ = {isa = PBXFileReference; name = "CDVJpegHeaderWriter.m"; path = "cordova-plugin-camera/CDVJpegHeaderWriter.m"; sourceTree = "<group>"; fileEncoding = 4; lastKnownFileType = sourcecode.c.objc; explicitFileType = undefined; includeInIndex = 0; };
		6509E9B996A74B6D8780F973 /* UIImage+CropScaleOrientation.h */ = {isa = PBXFileReference; name = "UIImage+CropScaleOrientation.h"; path = "cordova-plugin-camera/UIImage+CropScaleOrientation.h"; sourceTree = "<group>"; fileEncoding = 4; lastKnownFileType = sourcecode.c.h; explicitFileType = undefined; includeInIndex = 0; };
		E402CD1EEDDB401DB778610A /* CDVCamera.h */ = {isa = PBXFileReference; name = "CDVCamera.h"; path = "cordova-plugin-camera/CDVCamera.h"; sourceTree = "<group>"; fileEncoding = 4; lastKnownFileType = sourcecode.c.h; explicitFileType = undefined; includeInIndex = 0; };
		AFFEE08AA5BF4127A6AED020 /* CDVJpegHeaderWriter.h */ = {isa = PBXFileReference; name = "CDVJpegHeaderWriter.h"; path = "cordova-plugin-camera/CDVJpegHeaderWriter.h"; sourceTree = "<group>"; fileEncoding = 4; lastKnownFileType = sourcecode.c.h; explicitFileType = undefined; includeInIndex = 0; };
		3DE5AC9CF8324CDBBC63C4A8 /* CDVExif.h */ = {isa = PBXFileReference; name = "CDVExif.h"; path = "cordova-plugin-camera/CDVExif.h"; sourceTree = "<group>"; fileEncoding = 4; lastKnownFileType = sourcecode.c.h; explicitFileType = undefined; includeInIndex = 0; };
		50A6CCEF4DD445508D8EDDED /* ImageIO.framework */ = {isa = PBXFileReference; name = "ImageIO.framework"; path = "System/Library/Frameworks/ImageIO.framework"; sourceTree = SDKROOT; fileEncoding = undefined; lastKnownFileType = wrapper.framework; explicitFileType = undefined; includeInIndex = 0; };
		1FF9C1698FA541509E1D35A6 /* CoreLocation.framework */ = {isa = PBXFileReference; name = "CoreLocation.framework"; path = "System/Library/Frameworks/CoreLocation.framework"; sourceTree = SDKROOT; fileEncoding = undefined; lastKnownFileType = wrapper.framework; explicitFileType = undefined; includeInIndex = 0; };
		468832B8CC754F6B94045DCA /* AVFoundation.framework */ = {isa = PBXFileReference; name = "AVFoundation.framework"; path = "System/Library/Frameworks/AVFoundation.framework"; sourceTree = SDKROOT; fileEncoding = undefined; lastKnownFileType = wrapper.framework; explicitFileType = undefined; includeInIndex = 0; };
		E917019965A54A56B948F432 /* CDVLogger.m */ = {isa = PBXFileReference; name = "CDVLogger.m"; path = "cordova-plugin-console/CDVLogger.m"; sourceTree = "<group>"; fileEncoding = 4; lastKnownFileType = sourcecode.c.objc; explicitFileType = undefined; includeInIndex = 0; };
		4B55A7FD452C4A0D8BFCA0E8 /* CDVLogger.h */ = {isa = PBXFileReference; name = "CDVLogger.h"; path = "cordova-plugin-console/CDVLogger.h"; sourceTree = "<group>"; fileEncoding = 4; lastKnownFileType = sourcecode.c.h; explicitFileType = undefined; includeInIndex = 0; };
		0A56C9C7691743978FFDA0C8 /* CDVContacts.m */ = {isa = PBXFileReference; name = "CDVContacts.m"; path = "cordova-plugin-contacts/CDVContacts.m"; sourceTree = "<group>"; fileEncoding = 4; lastKnownFileType = sourcecode.c.objc; explicitFileType = undefined; includeInIndex = 0; };
		81F3230D668D40AA8EC13C43 /* CDVContact.m */ = {isa = PBXFileReference; name = "CDVContact.m"; path = "cordova-plugin-contacts/CDVContact.m"; sourceTree = "<group>"; fileEncoding = 4; lastKnownFileType = sourcecode.c.objc; explicitFileType = undefined; includeInIndex = 0; };
		082E8478E31A46A6A120DCF5 /* CDVContacts.h */ = {isa = PBXFileReference; name = "CDVContacts.h"; path = "cordova-plugin-contacts/CDVContacts.h"; sourceTree = "<group>"; fileEncoding = 4; lastKnownFileType = sourcecode.c.h; explicitFileType = undefined; includeInIndex = 0; };
		4EF39AEF80034EA0BDFCE45E /* CDVContact.h */ = {isa = PBXFileReference; name = "CDVContact.h"; path = "cordova-plugin-contacts/CDVContact.h"; sourceTree = "<group>"; fileEncoding = 4; lastKnownFileType = sourcecode.c.h; explicitFileType = undefined; includeInIndex = 0; };
		B173E2D9293B4C41AC8083EA /* AddressBook.framework */ = {isa = PBXFileReference; name = "AddressBook.framework"; path = "System/Library/Frameworks/AddressBook.framework"; sourceTree = SDKROOT; fileEncoding = undefined; lastKnownFileType = wrapper.framework; explicitFileType = undefined; includeInIndex = 0; };
		4FE15ECE81BB4DC09398A9D0 /* AddressBookUI.framework */ = {isa = PBXFileReference; name = "AddressBookUI.framework"; path = "System/Library/Frameworks/AddressBookUI.framework"; sourceTree = SDKROOT; fileEncoding = undefined; lastKnownFileType = wrapper.framework; explicitFileType = undefined; includeInIndex = 0; };
		E86B8DF914DD48679619B3C1 /* CDVDevice.m */ = {isa = PBXFileReference; name = "CDVDevice.m"; path = "cordova-plugin-device/CDVDevice.m"; sourceTree = "<group>"; fileEncoding = 4; lastKnownFileType = sourcecode.c.objc; explicitFileType = undefined; includeInIndex = 0; };
		A513AC7986364A5B92F2B5B9 /* CDVDevice.h */ = {isa = PBXFileReference; name = "CDVDevice.h"; path = "cordova-plugin-device/CDVDevice.h"; sourceTree = "<group>"; fileEncoding = 4; lastKnownFileType = sourcecode.c.h; explicitFileType = undefined; includeInIndex = 0; };
		09A24506968C42F798E91F53 /* CDVAccelerometer.m */ = {isa = PBXFileReference; name = "CDVAccelerometer.m"; path = "cordova-plugin-device-motion/CDVAccelerometer.m"; sourceTree = "<group>"; fileEncoding = 4; lastKnownFileType = sourcecode.c.objc; explicitFileType = undefined; includeInIndex = 0; };
		1A870FCA2A584A049B4069CC /* CDVAccelerometer.h */ = {isa = PBXFileReference; name = "CDVAccelerometer.h"; path = "cordova-plugin-device-motion/CDVAccelerometer.h"; sourceTree = "<group>"; fileEncoding = 4; lastKnownFileType = sourcecode.c.h; explicitFileType = undefined; includeInIndex = 0; };
		0DCD81C74BC54D4396B630CC /* CoreMotion.framework */ = {isa = PBXFileReference; name = "CoreMotion.framework"; path = "System/Library/Frameworks/CoreMotion.framework"; sourceTree = SDKROOT; fileEncoding = undefined; lastKnownFileType = wrapper.framework; explicitFileType = undefined; includeInIndex = 0; };
		E6E718F2E0CA4AA092E5C6E4 /* CDVCompass.m */ = {isa = PBXFileReference; name = "CDVCompass.m"; path = "cordova-plugin-device-orientation/CDVCompass.m"; sourceTree = "<group>"; fileEncoding = 4; lastKnownFileType = sourcecode.c.objc; explicitFileType = undefined; includeInIndex = 0; };
		EC12B7C5E92F4C509E0A5A87 /* CDVCompass.h */ = {isa = PBXFileReference; name = "CDVCompass.h"; path = "cordova-plugin-device-orientation/CDVCompass.h"; sourceTree = "<group>"; fileEncoding = 4; lastKnownFileType = sourcecode.c.h; explicitFileType = undefined; includeInIndex = 0; };
		D8BF60A676284467ACF00345 /* CDVNotification.m */ = {isa = PBXFileReference; name = "CDVNotification.m"; path = "cordova-plugin-dialogs/CDVNotification.m"; sourceTree = "<group>"; fileEncoding = 4; lastKnownFileType = sourcecode.c.objc; explicitFileType = undefined; includeInIndex = 0; };
		188BB785086D47369768250C /* CDVNotification.h */ = {isa = PBXFileReference; name = "CDVNotification.h"; path = "cordova-plugin-dialogs/CDVNotification.h"; sourceTree = "<group>"; fileEncoding = 4; lastKnownFileType = sourcecode.c.h; explicitFileType = undefined; includeInIndex = 0; };
		25C8D9549E2F4A89808F9EA4 /* CDVNotification.bundle */ = {isa = PBXFileReference; name = "CDVNotification.bundle"; path = "CDVNotification.bundle"; sourceTree = "<group>"; fileEncoding = undefined; lastKnownFileType = wrapper.plug-in; explicitFileType = undefined; includeInIndex = 0; };
		336CDB8DC38942DC8C4562BC /* AudioToolbox.framework */ = {isa = PBXFileReference; name = "AudioToolbox.framework"; path = "System/Library/Frameworks/AudioToolbox.framework"; sourceTree = SDKROOT; fileEncoding = undefined; lastKnownFileType = wrapper.framework; explicitFileType = undefined; includeInIndex = 0; };
		50163A0EEEAF446BA88B42EA /* CDVFile.m */ = {isa = PBXFileReference; name = "CDVFile.m"; path = "cordova-plugin-file/CDVFile.m"; sourceTree = "<group>"; fileEncoding = 4; lastKnownFileType = sourcecode.c.objc; explicitFileType = undefined; includeInIndex = 0; };
		03BC272B1D6541278793D15B /* CDVLocalFilesystem.m */ = {isa = PBXFileReference; name = "CDVLocalFilesystem.m"; path = "cordova-plugin-file/CDVLocalFilesystem.m"; sourceTree = "<group>"; fileEncoding = 4; lastKnownFileType = sourcecode.c.objc; explicitFileType = undefined; includeInIndex = 0; };
		A7560C6078F54FDB95E8B660 /* CDVAssetLibraryFilesystem.m */ = {isa = PBXFileReference; name = "CDVAssetLibraryFilesystem.m"; path = "cordova-plugin-file/CDVAssetLibraryFilesystem.m"; sourceTree = "<group>"; fileEncoding = 4; lastKnownFileType = sourcecode.c.objc; explicitFileType = undefined; includeInIndex = 0; };
		64DDA436E7734F18B509E4A7 /* CDVFile.h */ = {isa = PBXFileReference; name = "CDVFile.h"; path = "cordova-plugin-file/CDVFile.h"; sourceTree = "<group>"; fileEncoding = 4; lastKnownFileType = sourcecode.c.h; explicitFileType = undefined; includeInIndex = 0; };
		3C2AC0BC4C624C429425DD34 /* CDVLocalFilesystem.h */ = {isa = PBXFileReference; name = "CDVLocalFilesystem.h"; path = "cordova-plugin-file/CDVLocalFilesystem.h"; sourceTree = "<group>"; fileEncoding = 4; lastKnownFileType = sourcecode.c.h; explicitFileType = undefined; includeInIndex = 0; };
		9DE8A7E5E27A4EBDA490C1D2 /* CDVAssetLibraryFilesystem.h */ = {isa = PBXFileReference; name = "CDVAssetLibraryFilesystem.h"; path = "cordova-plugin-file/CDVAssetLibraryFilesystem.h"; sourceTree = "<group>"; fileEncoding = 4; lastKnownFileType = sourcecode.c.h; explicitFileType = undefined; includeInIndex = 0; };
		BDD251C4E51C4E4B903FAA77 /* CDVFileTransfer.m */ = {isa = PBXFileReference; name = "CDVFileTransfer.m"; path = "cordova-plugin-file-transfer/CDVFileTransfer.m"; sourceTree = "<group>"; fileEncoding = 4; lastKnownFileType = sourcecode.c.objc; explicitFileType = undefined; includeInIndex = 0; };
		08B881AF88034BC19E247AB0 /* CDVFileTransfer.h */ = {isa = PBXFileReference; name = "CDVFileTransfer.h"; path = "cordova-plugin-file-transfer/CDVFileTransfer.h"; sourceTree = "<group>"; fileEncoding = 4; lastKnownFileType = sourcecode.c.h; explicitFileType = undefined; includeInIndex = 0; };
		9DD20397BC9647C4ABB10A2B /* CDVLocation.m */ = {isa = PBXFileReference; name = "CDVLocation.m"; path = "cordova-plugin-geolocation/CDVLocation.m"; sourceTree = "<group>"; fileEncoding = 4; lastKnownFileType = sourcecode.c.objc; explicitFileType = undefined; includeInIndex = 0; };
		A8EBED46759F47AD8ABCA702 /* CDVLocation.h */ = {isa = PBXFileReference; name = "CDVLocation.h"; path = "cordova-plugin-geolocation/CDVLocation.h"; sourceTree = "<group>"; fileEncoding = 4; lastKnownFileType = sourcecode.c.h; explicitFileType = undefined; includeInIndex = 0; };
		9F4C925B284941639FF241C6 /* CDVGlobalization.m */ = {isa = PBXFileReference; name = "CDVGlobalization.m"; path = "cordova-plugin-globalization/CDVGlobalization.m"; sourceTree = "<group>"; fileEncoding = 4; lastKnownFileType = sourcecode.c.objc; explicitFileType = undefined; includeInIndex = 0; };
		11D40402F5274BF9B619A1A2 /* CDVGlobalization.h */ = {isa = PBXFileReference; name = "CDVGlobalization.h"; path = "cordova-plugin-globalization/CDVGlobalization.h"; sourceTree = "<group>"; fileEncoding = 4; lastKnownFileType = sourcecode.c.h; explicitFileType = undefined; includeInIndex = 0; };
		AF4726395BEF4B8D8EF9F653 /* CDVInAppBrowser.m */ = {isa = PBXFileReference; name = "CDVInAppBrowser.m"; path = "cordova-plugin-inappbrowser/CDVInAppBrowser.m"; sourceTree = "<group>"; fileEncoding = 4; lastKnownFileType = sourcecode.c.objc; explicitFileType = undefined; includeInIndex = 0; };
		96EAEC63688E4F87885D1152 /* CDVInAppBrowser.h */ = {isa = PBXFileReference; name = "CDVInAppBrowser.h"; path = "cordova-plugin-inappbrowser/CDVInAppBrowser.h"; sourceTree = "<group>"; fileEncoding = 4; lastKnownFileType = sourcecode.c.h; explicitFileType = undefined; includeInIndex = 0; };
		F6653501568E44A59EB7860D /* CDVSound.m */ = {isa = PBXFileReference; name = "CDVSound.m"; path = "cordova-plugin-media/CDVSound.m"; sourceTree = "<group>"; fileEncoding = 4; lastKnownFileType = sourcecode.c.objc; explicitFileType = undefined; includeInIndex = 0; };
		6352FC9128F349FDB6E355FD /* CDVSound.h */ = {isa = PBXFileReference; name = "CDVSound.h"; path = "cordova-plugin-media/CDVSound.h"; sourceTree = "<group>"; fileEncoding = 4; lastKnownFileType = sourcecode.c.h; explicitFileType = undefined; includeInIndex = 0; };
		D5D0A326DAB7421CA46DC45D /* CDVCapture.m */ = {isa = PBXFileReference; name = "CDVCapture.m"; path = "cordova-plugin-media-capture/CDVCapture.m"; sourceTree = "<group>"; fileEncoding = 4; lastKnownFileType = sourcecode.c.objc; explicitFileType = undefined; includeInIndex = 0; };
		E8199B093BD84A5DAD053320 /* CDVCapture.h */ = {isa = PBXFileReference; name = "CDVCapture.h"; path = "cordova-plugin-media-capture/CDVCapture.h"; sourceTree = "<group>"; fileEncoding = 4; lastKnownFileType = sourcecode.c.h; explicitFileType = undefined; includeInIndex = 0; };
		C09CF0D902FA4251943B3A04 /* CDVCapture.bundle */ = {isa = PBXFileReference; name = "CDVCapture.bundle"; path = "CDVCapture.bundle"; sourceTree = "<group>"; fileEncoding = undefined; lastKnownFileType = wrapper.plug-in; explicitFileType = undefined; includeInIndex = 0; };
		47983D7D6CE94F048B7870B3 /* CDVConnection.m */ = {isa = PBXFileReference; name = "CDVConnection.m"; path = "cordova-plugin-network-information/CDVConnection.m"; sourceTree = "<group>"; fileEncoding = 4; lastKnownFileType = sourcecode.c.objc; explicitFileType = undefined; includeInIndex = 0; };
		C51EAC3B866D4D63A64833BF /* CDVReachability.m */ = {isa = PBXFileReference; name = "CDVReachability.m"; path = "cordova-plugin-network-information/CDVReachability.m"; sourceTree = "<group>"; fileEncoding = 4; lastKnownFileType = sourcecode.c.objc; explicitFileType = undefined; includeInIndex = 0; };
		9E05C4E3D1204DCF9F4F63D0 /* CDVConnection.h */ = {isa = PBXFileReference; name = "CDVConnection.h"; path = "cordova-plugin-network-information/CDVConnection.h"; sourceTree = "<group>"; fileEncoding = 4; lastKnownFileType = sourcecode.c.h; explicitFileType = undefined; includeInIndex = 0; };
		D38B77BF217241DE99462B18 /* CDVReachability.h */ = {isa = PBXFileReference; name = "CDVReachability.h"; path = "cordova-plugin-network-information/CDVReachability.h"; sourceTree = "<group>"; fileEncoding = 4; lastKnownFileType = sourcecode.c.h; explicitFileType = undefined; includeInIndex = 0; };
		0666A484E936485AB61880F9 /* SystemConfiguration.framework */ = {isa = PBXFileReference; name = "SystemConfiguration.framework"; path = "System/Library/Frameworks/SystemConfiguration.framework"; sourceTree = SDKROOT; fileEncoding = undefined; lastKnownFileType = wrapper.framework; explicitFileType = undefined; includeInIndex = 0; };
		E568F628BD9E49C984F9CB24 /* CoreTelephony.framework */ = {isa = PBXFileReference; name = "CoreTelephony.framework"; path = "System/Library/Frameworks/CoreTelephony.framework"; sourceTree = SDKROOT; fileEncoding = undefined; lastKnownFileType = wrapper.framework; explicitFileType = undefined; includeInIndex = 0; };
		C83F3E93705C4F16A95B0E63 /* CDVSplashScreen.m */ = {isa = PBXFileReference; name = "CDVSplashScreen.m"; path = "cordova-plugin-splashscreen/CDVSplashScreen.m"; sourceTree = "<group>"; fileEncoding = 4; lastKnownFileType = sourcecode.c.objc; explicitFileType = undefined; includeInIndex = 0; };
		6FE3B3FFABD94585B3F228E2 /* CDVViewController+SplashScreen.m */ = {isa = PBXFileReference; name = "CDVViewController+SplashScreen.m"; path = "cordova-plugin-splashscreen/CDVViewController+SplashScreen.m"; sourceTree = "<group>"; fileEncoding = 4; lastKnownFileType = sourcecode.c.objc; explicitFileType = undefined; includeInIndex = 0; };
		A439B8B1D59C47A2BD83F145 /* CDVSplashScreen.h */ = {isa = PBXFileReference; name = "CDVSplashScreen.h"; path = "cordova-plugin-splashscreen/CDVSplashScreen.h"; sourceTree = "<group>"; fileEncoding = 4; lastKnownFileType = sourcecode.c.h; explicitFileType = undefined; includeInIndex = 0; };
		59D177645E34420389ECA1EC /* CDVViewController+SplashScreen.h */ = {isa = PBXFileReference; name = "CDVViewController+SplashScreen.h"; path = "cordova-plugin-splashscreen/CDVViewController+SplashScreen.h"; sourceTree = "<group>"; fileEncoding = 4; lastKnownFileType = sourcecode.c.h; explicitFileType = undefined; includeInIndex = 0; };
		D2C1771FD7EA47B0854509AF /* CDVStatusBar.m */ = {isa = PBXFileReference; name = "CDVStatusBar.m"; path = "cordova-plugin-statusbar/CDVStatusBar.m"; sourceTree = "<group>"; fileEncoding = 4; lastKnownFileType = sourcecode.c.objc; explicitFileType = undefined; includeInIndex = 0; };
		F4BF12BA9E7547A4AA1DEDBA /* CDVStatusBar.h */ = {isa = PBXFileReference; name = "CDVStatusBar.h"; path = "cordova-plugin-statusbar/CDVStatusBar.h"; sourceTree = "<group>"; fileEncoding = 4; lastKnownFileType = sourcecode.c.h; explicitFileType = undefined; includeInIndex = 0; };
		00136D5C386E40A3B9952643 /* CDVVibration.m */ = {isa = PBXFileReference; name = "CDVVibration.m"; path = "cordova-plugin-vibration/CDVVibration.m"; sourceTree = "<group>"; fileEncoding = 4; lastKnownFileType = sourcecode.c.objc; explicitFileType = undefined; includeInIndex = 0; };
		17CE2C711F6F48AEB2B246E3 /* CDVVibration.h */ = {isa = PBXFileReference; name = "CDVVibration.h"; path = "cordova-plugin-vibration/CDVVibration.h"; sourceTree = "<group>"; fileEncoding = 4; lastKnownFileType = sourcecode.c.h; explicitFileType = undefined; includeInIndex = 0; };
/* End PBXFileReference section */

/* Begin PBXFrameworksBuildPhase section */
		1D60588F0D05DD3D006BFB54 /* Frameworks */ = {
			isa = PBXFrameworksBuildPhase;
			buildActionMask = 2147483647;
			files = (
				301BF552109A68D80062928A /* libCordova.a in Frameworks */,
				6C3E2FDB576A4277B3B6E9E2 /* ImageIO.framework in Frameworks */,
				5C80625899134FF9BD2C943B /* CoreLocation.framework in Frameworks */,
				81EDABE45BD04F098D89F752 /* AVFoundation.framework in Frameworks */,
				6B46E7B55E6A4D4B94329AD3 /* AddressBook.framework in Frameworks */,
				5B98AFDA17594A6D85B0C747 /* AddressBookUI.framework in Frameworks */,
				A9EABDEFC42E4C5EAA32FB4F /* CoreMotion.framework in Frameworks */,
				902F530CC98D4B8387180744 /* AudioToolbox.framework in Frameworks */,
				7375C8E0E2EC478B9866CD07 /* SystemConfiguration.framework in Frameworks */,
				B2531FCF863848EC96207CE8 /* CoreTelephony.framework in Frameworks */,
			);
			runOnlyForDeploymentPostprocessing = 0;
		};
/* End PBXFrameworksBuildPhase section */

/* Begin PBXGroup section */
		080E96DDFE201D6D7F000001 /* Classes */ = {
			isa = PBXGroup;
			children = (
				302D95EE14D2391D003F00A1 /* MainViewController.h */,
				302D95EF14D2391D003F00A1 /* MainViewController.m */,
				302D95F014D2391D003F00A1 /* MainViewController.xib */,
				1D3623240D0F684500981E51 /* AppDelegate.h */,
				1D3623250D0F684500981E51 /* AppDelegate.m */,
			);
			name = Classes;
			path = "Phone Book/Classes";
			sourceTree = SOURCE_ROOT;
		};
		19C28FACFE9D520D11CA2CBB /* Products */ = {
			isa = PBXGroup;
			children = (
				1D6058910D05DD3D006BFB54 /* Phone Book.app */,
			);
			name = Products;
			sourceTree = "<group>";
		};
		29B97314FDCFA39411CA2CEA /* CustomTemplate */ = {
			isa = PBXGroup;
			children = (
				EB87FDF41871DAF40020F90C /* config.xml */,
				EB87FDF31871DA8E0020F90C /* www */,
				EB87FDF11871DA420020F90C /* Staging */,
				301BF52D109A57CC0062928A /* CordovaLib.xcodeproj */,
				080E96DDFE201D6D7F000001 /* Classes */,
				307C750510C5A3420062BCA9 /* Plugins */,
				29B97315FDCFA39411CA2CEA /* Other Sources */,
				29B97317FDCFA39411CA2CEA /* Resources */,
				29B97323FDCFA39411CA2CEA /* Frameworks */,
				19C28FACFE9D520D11CA2CBB /* Products */,
			);
			name = CustomTemplate;
			sourceTree = "<group>";
		};
		29B97315FDCFA39411CA2CEA /* Other Sources */ = {
			isa = PBXGroup;
			children = (
				32CA4F630368D1EE00C91783 /* Phone Book-Prefix.pch */,
				29B97316FDCFA39411CA2CEA /* main.m */,
				ED33DF2A687741AEAF9F8254 /* Bridging-Header.h */,
			);
			name = "Other Sources";
			path = "Phone Book";
			sourceTree = "<group>";
		};
		29B97317FDCFA39411CA2CEA /* Resources */ = {
			isa = PBXGroup;
			children = (
				0207DA571B56EA530066E2B4 /* Images.xcassets */,
				3047A50E1AB8057F00498E2A /* config */,
				8D1107310486CEB800E47090 /* Phone Book-Info.plist */,
				25C8D9549E2F4A89808F9EA4 /* CDVNotification.bundle */,
				C09CF0D902FA4251943B3A04 /* CDVCapture.bundle */,
			);
			name = Resources;
			path = "Phone Book/Resources";
			sourceTree = "<group>";
		};
		29B97323FDCFA39411CA2CEA /* Frameworks */ = {
			isa = PBXGroup;
			children = (
				50A6CCEF4DD445508D8EDDED /* ImageIO.framework */,
				1FF9C1698FA541509E1D35A6 /* CoreLocation.framework */,
				468832B8CC754F6B94045DCA /* AVFoundation.framework */,
				B173E2D9293B4C41AC8083EA /* AddressBook.framework */,
				4FE15ECE81BB4DC09398A9D0 /* AddressBookUI.framework */,
				0DCD81C74BC54D4396B630CC /* CoreMotion.framework */,
				336CDB8DC38942DC8C4562BC /* AudioToolbox.framework */,
				0666A484E936485AB61880F9 /* SystemConfiguration.framework */,
				E568F628BD9E49C984F9CB24 /* CoreTelephony.framework */,
			);
			name = Frameworks;
			sourceTree = "<group>";
		};
		301BF52E109A57CC0062928A /* Products */ = {
			isa = PBXGroup;
			children = (
				301BF535109A57CC0062928A /* libCordova.a */,
			);
			name = Products;
			sourceTree = "<group>";
		};
		3047A50E1AB8057F00498E2A /* config */ = {
			isa = PBXGroup;
			children = (
				3047A50F1AB8059700498E2A /* build-debug.xcconfig */,
				3047A5101AB8059700498E2A /* build-release.xcconfig */,
				3047A5111AB8059700498E2A /* build.xcconfig */,
			);
			name = config;
			sourceTree = "<group>";
		};
		307C750510C5A3420062BCA9 /* Plugins */ = {
			isa = PBXGroup;
			children = (
				DEE390ECEE6D4A8B9106150A /* CDVBattery.m */,
				43CEA9A31F1A4A879E065BA5 /* CDVBattery.h */,
				F3F44916660E4884B18446BA /* UIImage+CropScaleOrientation.m */,
				DCC74EAB98374AFAA348780E /* CDVCamera.m */,
				D4FA6EFAA11545FCB3EC0CB6 /* CDVJpegHeaderWriter.m */,
				6509E9B996A74B6D8780F973 /* UIImage+CropScaleOrientation.h */,
				E402CD1EEDDB401DB778610A /* CDVCamera.h */,
				AFFEE08AA5BF4127A6AED020 /* CDVJpegHeaderWriter.h */,
				3DE5AC9CF8324CDBBC63C4A8 /* CDVExif.h */,
				E917019965A54A56B948F432 /* CDVLogger.m */,
				4B55A7FD452C4A0D8BFCA0E8 /* CDVLogger.h */,
				0A56C9C7691743978FFDA0C8 /* CDVContacts.m */,
				81F3230D668D40AA8EC13C43 /* CDVContact.m */,
				082E8478E31A46A6A120DCF5 /* CDVContacts.h */,
				4EF39AEF80034EA0BDFCE45E /* CDVContact.h */,
				E86B8DF914DD48679619B3C1 /* CDVDevice.m */,
				A513AC7986364A5B92F2B5B9 /* CDVDevice.h */,
				09A24506968C42F798E91F53 /* CDVAccelerometer.m */,
				1A870FCA2A584A049B4069CC /* CDVAccelerometer.h */,
				E6E718F2E0CA4AA092E5C6E4 /* CDVCompass.m */,
				EC12B7C5E92F4C509E0A5A87 /* CDVCompass.h */,
				D8BF60A676284467ACF00345 /* CDVNotification.m */,
				188BB785086D47369768250C /* CDVNotification.h */,
				50163A0EEEAF446BA88B42EA /* CDVFile.m */,
				03BC272B1D6541278793D15B /* CDVLocalFilesystem.m */,
				A7560C6078F54FDB95E8B660 /* CDVAssetLibraryFilesystem.m */,
				64DDA436E7734F18B509E4A7 /* CDVFile.h */,
				3C2AC0BC4C624C429425DD34 /* CDVLocalFilesystem.h */,
				9DE8A7E5E27A4EBDA490C1D2 /* CDVAssetLibraryFilesystem.h */,
				BDD251C4E51C4E4B903FAA77 /* CDVFileTransfer.m */,
				08B881AF88034BC19E247AB0 /* CDVFileTransfer.h */,
				9DD20397BC9647C4ABB10A2B /* CDVLocation.m */,
				A8EBED46759F47AD8ABCA702 /* CDVLocation.h */,
				9F4C925B284941639FF241C6 /* CDVGlobalization.m */,
				11D40402F5274BF9B619A1A2 /* CDVGlobalization.h */,
				AF4726395BEF4B8D8EF9F653 /* CDVInAppBrowser.m */,
				96EAEC63688E4F87885D1152 /* CDVInAppBrowser.h */,
				F6653501568E44A59EB7860D /* CDVSound.m */,
				6352FC9128F349FDB6E355FD /* CDVSound.h */,
				D5D0A326DAB7421CA46DC45D /* CDVCapture.m */,
				E8199B093BD84A5DAD053320 /* CDVCapture.h */,
				47983D7D6CE94F048B7870B3 /* CDVConnection.m */,
				C51EAC3B866D4D63A64833BF /* CDVReachability.m */,
				9E05C4E3D1204DCF9F4F63D0 /* CDVConnection.h */,
				D38B77BF217241DE99462B18 /* CDVReachability.h */,
				C83F3E93705C4F16A95B0E63 /* CDVSplashScreen.m */,
				6FE3B3FFABD94585B3F228E2 /* CDVViewController+SplashScreen.m */,
				A439B8B1D59C47A2BD83F145 /* CDVSplashScreen.h */,
				59D177645E34420389ECA1EC /* CDVViewController+SplashScreen.h */,
				D2C1771FD7EA47B0854509AF /* CDVStatusBar.m */,
				F4BF12BA9E7547A4AA1DEDBA /* CDVStatusBar.h */,
				00136D5C386E40A3B9952643 /* CDVVibration.m */,
				17CE2C711F6F48AEB2B246E3 /* CDVVibration.h */,
			);
			name = Plugins;
			path = "Phone Book/Plugins";
			sourceTree = SOURCE_ROOT;
		};
		EB87FDF11871DA420020F90C /* Staging */ = {
			isa = PBXGroup;
			children = (
				F840E1F0165FE0F500CFE078 /* config.xml */,
				301BF56E109A69640062928A /* www */,
			);
			name = Staging;
			sourceTree = "<group>";
		};
/* End PBXGroup section */

/* Begin PBXNativeTarget section */
		1D6058900D05DD3D006BFB54 /* Phone Book */ = {
			isa = PBXNativeTarget;
			buildConfigurationList = 1D6058960D05DD3E006BFB54 /* Build configuration list for PBXNativeTarget "Phone Book" */;
			buildPhases = (
				304B58A110DAC018002A0835 /* Copy www directory */,
				1D60588D0D05DD3D006BFB54 /* Resources */,
				1D60588E0D05DD3D006BFB54 /* Sources */,
				1D60588F0D05DD3D006BFB54 /* Frameworks */,
			);
			buildRules = (
			);
			dependencies = (
				301BF551109A68C00062928A /* PBXTargetDependency */,
			);
			name = "Phone Book";
			productName = "Phone Book";
			productReference = 1D6058910D05DD3D006BFB54 /* Phone Book.app */;
			productType = "com.apple.product-type.application";
		};
/* End PBXNativeTarget section */

/* Begin PBXProject section */
		29B97313FDCFA39411CA2CEA /* Project object */ = {
			isa = PBXProject;
			attributes = {
				LastUpgradeCheck = 510;
			};
			buildConfigurationList = C01FCF4E08A954540054247B /* Build configuration list for PBXProject "__NON-CLI__" */;
			compatibilityVersion = "Xcode 3.2";
			developmentRegion = English;
			hasScannedForEncodings = 1;
			mainGroup = 29B97314FDCFA39411CA2CEA /* CustomTemplate */;
			projectDirPath = "";
			projectReferences = (
				{
					ProductGroup = 301BF52E109A57CC0062928A /* Products */;
					ProjectRef = 301BF52D109A57CC0062928A /* CordovaLib.xcodeproj */;
				},
			);
			projectRoot = "";
			targets = (
				1D6058900D05DD3D006BFB54 /* Phone Book */,
			);
		};
/* End PBXProject section */

/* Begin PBXReferenceProxy section */
		301BF535109A57CC0062928A /* libCordova.a */ = {
			isa = PBXReferenceProxy;
			fileType = archive.ar;
			path = libCordova.a;
			remoteRef = 301BF534109A57CC0062928A /* PBXContainerItemProxy */;
			sourceTree = BUILT_PRODUCTS_DIR;
		};
/* End PBXReferenceProxy section */

/* Begin PBXResourcesBuildPhase section */
		1D60588D0D05DD3D006BFB54 /* Resources */ = {
			isa = PBXResourcesBuildPhase;
			buildActionMask = 2147483647;
			files = (
				302D95F214D2391D003F00A1 /* MainViewController.xib in Resources */,
				3047A5131AB8059700498E2A /* build-release.xcconfig in Resources */,
				3047A5141AB8059700498E2A /* build.xcconfig in Resources */,
				0207DA581B56EA530066E2B4 /* Images.xcassets in Resources */,
				3047A5121AB8059700498E2A /* build-debug.xcconfig in Resources */,
				E0400F1C67524AD59039BD3E /* CDVNotification.bundle in Resources */,
				8633527EC4954A9A9A694495 /* CDVCapture.bundle in Resources */,
			);
			runOnlyForDeploymentPostprocessing = 0;
		};
/* End PBXResourcesBuildPhase section */

/* Begin PBXShellScriptBuildPhase section */
		304B58A110DAC018002A0835 /* Copy www directory */ = {
			isa = PBXShellScriptBuildPhase;
			buildActionMask = 2147483647;
			files = (
			);
			inputPaths = (
			);
			name = "Copy www directory";
			outputPaths = (
			);
			runOnlyForDeploymentPostprocessing = 0;
			shellPath = /bin/sh;
			shellScript = "NODEJS_PATH=/usr/local/bin; NVM_NODE_PATH=~/.nvm/versions/node/`nvm version 2>/dev/null`/bin; N_NODE_PATH=`find /usr/local/n/versions/node/* -maxdepth 0 -type d 2>/dev/null | tail -1`/bin; XCODE_NODE_PATH=`xcode-select --print-path`/usr/share/xcs/Node/bin; PATH=$NODEJS_PATH:$NVM_NODE_PATH:$N_NODE_PATH:$XCODE_NODE_PATH:$PATH && node cordova/lib/copy-www-build-step.js";
			showEnvVarsInLog = 0;
		};
/* End PBXShellScriptBuildPhase section */

/* Begin PBXSourcesBuildPhase section */
		1D60588E0D05DD3D006BFB54 /* Sources */ = {
			isa = PBXSourcesBuildPhase;
			buildActionMask = 2147483647;
			files = (
				1D60589B0D05DD56006BFB54 /* main.m in Sources */,
				1D3623260D0F684500981E51 /* AppDelegate.m in Sources */,
				302D95F114D2391D003F00A1 /* MainViewController.m in Sources */,
				EEAAB3EE772041E0A5AAB21B /* CDVBattery.m in Sources */,
				23837C8F6AE341CD9A39536D /* UIImage+CropScaleOrientation.m in Sources */,
				48E7E464BAD94AD4B092D9DE /* CDVCamera.m in Sources */,
				C522E5147E0847C9996FE1B6 /* CDVJpegHeaderWriter.m in Sources */,
				E9CCFB76BC8C4A1786DA9EC3 /* CDVLogger.m in Sources */,
				951391B490F74D6AB995BF92 /* CDVContacts.m in Sources */,
				488E15955D5B418C86C1547F /* CDVContact.m in Sources */,
				8527110078F2429791C19E13 /* CDVDevice.m in Sources */,
				C086A8FA8BAC43AAA2674C96 /* CDVAccelerometer.m in Sources */,
				D254C97D37D346BC8BFBFFA6 /* CDVCompass.m in Sources */,
				546A6DF146F14E1CAAD9B446 /* CDVNotification.m in Sources */,
				FD709BAF5ACA408293E3F91C /* CDVFile.m in Sources */,
				377859883E1348E9BEA8122B /* CDVLocalFilesystem.m in Sources */,
				EFFA1BF4EFB34D8B9C6A87A0 /* CDVAssetLibraryFilesystem.m in Sources */,
				CA26B83425BF43B2B014CC1C /* CDVFileTransfer.m in Sources */,
				8667D7CB548043DCA5485AB8 /* CDVLocation.m in Sources */,
				45EA38D4D38A48BF89DE2426 /* CDVGlobalization.m in Sources */,
				B00D77C73FA246AEA649F146 /* CDVInAppBrowser.m in Sources */,
				84114478BB6048FB9F91C457 /* CDVSound.m in Sources */,
				336E93508C6C4B6B913DE2C9 /* CDVCapture.m in Sources */,
				C0C53F3611094939A276F6F9 /* CDVConnection.m in Sources */,
				9079DA3383064A11B651980A /* CDVReachability.m in Sources */,
				D57F5E63DB4341E9A2D7AD67 /* CDVSplashScreen.m in Sources */,
				03B48843335849C4B18FE445 /* CDVViewController+SplashScreen.m in Sources */,
				696D26FA7B374E8392C41B86 /* CDVStatusBar.m in Sources */,
				4366341E2BC44F13AFA33749 /* CDVVibration.m in Sources */,
			);
			runOnlyForDeploymentPostprocessing = 0;
		};
/* End PBXSourcesBuildPhase section */

/* Begin PBXTargetDependency section */
		301BF551109A68C00062928A /* PBXTargetDependency */ = {
			isa = PBXTargetDependency;
			name = CordovaLib;
			targetProxy = 301BF550109A68C00062928A /* PBXContainerItemProxy */;
		};
/* End PBXTargetDependency section */

/* Begin XCBuildConfiguration section */
		1D6058940D05DD3E006BFB54 /* Debug */ = {
			isa = XCBuildConfiguration;
			baseConfigurationReference = 3047A50F1AB8059700498E2A /* build-debug.xcconfig */;
			buildSettings = {
				ALWAYS_SEARCH_USER_PATHS = NO;
				ASSETCATALOG_COMPILER_APPICON_NAME = AppIcon;
				ASSETCATALOG_COMPILER_LAUNCHIMAGE_NAME = LaunchImage;
				CLANG_ENABLE_MODULES = YES;
				CLANG_ENABLE_OBJC_ARC = YES;
				COPY_PHASE_STRIP = NO;
				GCC_DYNAMIC_NO_PIC = NO;
				GCC_OPTIMIZATION_LEVEL = 0;
				GCC_PRECOMPILE_PREFIX_HEADER = YES;
				GCC_PREFIX_HEADER = "Phone Book/Phone Book-Prefix.pch";
				GCC_THUMB_SUPPORT = NO;
				GCC_VERSION = "";
				INFOPLIST_FILE = "Phone Book/Phone Book-Info.plist";
				LD_RUNPATH_SEARCH_PATHS = "@executable_path/Frameworks";
				PRODUCT_NAME = "Phone Book";
			};
			name = Debug;
		};
		1D6058950D05DD3E006BFB54 /* Release */ = {
			isa = XCBuildConfiguration;
			baseConfigurationReference = 3047A5101AB8059700498E2A /* build-release.xcconfig */;
			buildSettings = {
				ALWAYS_SEARCH_USER_PATHS = NO;
				ASSETCATALOG_COMPILER_APPICON_NAME = AppIcon;
				ASSETCATALOG_COMPILER_LAUNCHIMAGE_NAME = LaunchImage;
				CLANG_ENABLE_MODULES = YES;
				CLANG_ENABLE_OBJC_ARC = YES;
				COPY_PHASE_STRIP = YES;
				GCC_PRECOMPILE_PREFIX_HEADER = YES;
				GCC_PREFIX_HEADER = "Phone Book/Phone Book-Prefix.pch";
				GCC_THUMB_SUPPORT = NO;
				GCC_VERSION = "";
				INFOPLIST_FILE = "Phone Book/Phone Book-Info.plist";
				PRODUCT_NAME = "Phone Book";
			};
			name = Release;
		};
		C01FCF4F08A954540054247B /* Debug */ = {
			isa = XCBuildConfiguration;
			baseConfigurationReference = 3047A5111AB8059700498E2A /* build.xcconfig */;
			buildSettings = {
				CLANG_ENABLE_MODULES = YES;
				CLANG_ENABLE_OBJC_ARC = YES;
				CLANG_WARN_BOOL_CONVERSION = YES;
				CLANG_WARN_CONSTANT_CONVERSION = YES;
				CLANG_WARN_EMPTY_BODY = YES;
				CLANG_WARN_ENUM_CONVERSION = YES;
				CLANG_WARN_INT_CONVERSION = YES;
				CLANG_WARN__DUPLICATE_METHOD_MATCH = YES;
				GCC_C_LANGUAGE_STANDARD = c99;
				GCC_THUMB_SUPPORT = NO;
				GCC_VERSION = "";
				GCC_WARN_ABOUT_RETURN_TYPE = YES;
				GCC_WARN_UNDECLARED_SELECTOR = YES;
				GCC_WARN_UNINITIALIZED_AUTOS = YES;
				GCC_WARN_UNUSED_FUNCTION = YES;
				GCC_WARN_UNUSED_VARIABLE = YES;
				ONLY_ACTIVE_ARCH = YES;
				SDKROOT = iphoneos;
				SKIP_INSTALL = NO;
			};
			name = Debug;
		};
		C01FCF5008A954540054247B /* Release */ = {
			isa = XCBuildConfiguration;
			baseConfigurationReference = 3047A5111AB8059700498E2A /* build.xcconfig */;
			buildSettings = {
				CLANG_ENABLE_MODULES = YES;
				CLANG_ENABLE_OBJC_ARC = YES;
				CLANG_WARN_BOOL_CONVERSION = YES;
				CLANG_WARN_CONSTANT_CONVERSION = YES;
				CLANG_WARN_EMPTY_BODY = YES;
				CLANG_WARN_ENUM_CONVERSION = YES;
				CLANG_WARN_INT_CONVERSION = YES;
				CLANG_WARN__DUPLICATE_METHOD_MATCH = YES;
				GCC_C_LANGUAGE_STANDARD = c99;
				GCC_THUMB_SUPPORT = NO;
				GCC_VERSION = "";
				GCC_WARN_ABOUT_RETURN_TYPE = YES;
				GCC_WARN_UNDECLARED_SELECTOR = YES;
				GCC_WARN_UNINITIALIZED_AUTOS = YES;
				GCC_WARN_UNUSED_FUNCTION = YES;
				GCC_WARN_UNUSED_VARIABLE = YES;
				SDKROOT = iphoneos;
				SKIP_INSTALL = NO;
			};
			name = Release;
		};
/* End XCBuildConfiguration section */

/* Begin XCConfigurationList section */
		1D6058960D05DD3E006BFB54 /* Build configuration list for PBXNativeTarget "Phone Book" */ = {
			isa = XCConfigurationList;
			buildConfigurations = (
				1D6058940D05DD3E006BFB54 /* Debug */,
				1D6058950D05DD3E006BFB54 /* Release */,
			);
			defaultConfigurationIsVisible = 0;
			defaultConfigurationName = Release;
		};
		C01FCF4E08A954540054247B /* Build configuration list for PBXProject "__NON-CLI__" */ = {
			isa = XCConfigurationList;
			buildConfigurations = (
				C01FCF4F08A954540054247B /* Debug */,
				C01FCF5008A954540054247B /* Release */,
			);
			defaultConfigurationIsVisible = 0;
			defaultConfigurationName = Release;
		};
/* End XCConfigurationList section */
	};
	rootObject = 29B97313FDCFA39411CA2CEA /* Project object */;
}
